
Microsoft Visual Studio Solution File, Format Version 12.00
# Visual Studio Version 16
VisualStudioVersion = 16.0.31613.86
MinimumVisualStudioVersion = 10.0.40219.1
Project("{8BC9CEB8-8B4A-11D0-8D11-00A0C91BC942}") = "SkinExporter", "SkinExporter\SkinExporter.vcxproj", "{F6352F91-6E64-4B13-9F37-6C55A5028016}"
EndProject
Global
	GlobalSection(SolutionConfigurationPlatforms) = preSolution
		Debug|x64 = Debug|x64
		Debug|x86 = Debug|x86
		Release|x64 = Release|x64
		Release|x86 = Release|x86
	EndGlobalSection
	GlobalSection(ProjectConfigurationPlatforms) = postSolution
		{F6352F91-6E64-4B13-9F37-6C55A5028016}.Debug|x64.ActiveCfg = Debug|x64
		{F6352F91-6E64-4B13-9F37-6C55A5028016}.Debug|x64.Build.0 = Debug|x64
		{F6352F91-6E64-4B13-9F37-6C55A5028016}.Debug|x86.ActiveCfg = Debug|Win32
		{F6352F91-6E64-4B13-9F37-6C55A5028016}.Debug|x86.Build.0 = Debug|Win32
		{F6352F91-6E64-4B13-9F37-6C55A5028016}.Release|x64.ActiveCfg = Release|x64
		{F6352F91-6E64-4B13-9F37-6C55A5028016}.Release|x64.Build.0 = Release|x64
		{F6352F91-6E64-4B13-9F37-6C55A5028016}.Release|x86.ActiveCfg = Release|Win32
		{F6352F91-6E64-4B13-9F37-6C55A5028016}.Release|x86.Build.0 = Release|Win32
	EndGlobalSection
	GlobalSection(SolutionProperties) = preSolution
		HideSolutionNode = FALSE
	EndGlobalSection
	GlobalSection(ExtensibilityGlobals) = postSolution
		SolutionGuid = {23795045-154A-4A0D-84B8-60F92E098114}
	EndGlobalSection
EndGlobal
